
Microsoft Visual Studio Solution File, Format Version 12.00
# Visual Studio Version 16
VisualStudioVersion = 16.0.31829.152
MinimumVisualStudioVersion = 10.0.40219.1
Project("{FAE04EC0-301F-11D3-BF4B-00C04F79EFBC}") = "SportsORM", "SportsORM\SportsORM.csproj", "{C90A6869-EC56-447C-8723-7753F63287F8}"
EndProject
Global
	GlobalSection(SolutionConfigurationPlatforms) = preSolution
		Debug|Any CPU = Debug|Any CPU
		Release|Any CPU = Release|Any CPU
	EndGlobalSection
	GlobalSection(ProjectConfigurationPlatforms) = postSolution
		{C90A6869-EC56-447C-8723-7753F63287F8}.Debug|Any CPU.ActiveCfg = Debug|Any CPU
		{C90A6869-EC56-447C-8723-7753F63287F8}.Debug|Any CPU.Build.0 = Debug|Any CPU
		{C90A6869-EC56-447C-8723-7753F63287F8}.Release|Any CPU.ActiveCfg = Release|Any CPU
		{C90A6869-EC56-447C-8723-7753F63287F8}.Release|Any CPU.Build.0 = Release|Any CPU
	EndGlobalSection
	GlobalSection(SolutionProperties) = preSolution
		HideSolutionNode = FALSE
	EndGlobalSection
	GlobalSection(ExtensibilityGlobals) = postSolution
		SolutionGuid = {801D27BC-D5F2-4069-902F-6A0AC1B86202}
	EndGlobalSection
EndGlobal
